
Microsoft Visual Studio Solution File, Format Version 12.00
# Visual Studio Version 17
VisualStudioVersion = 17.4.33213.308
MinimumVisualStudioVersion = 10.0.40219.1
Project("{9A19103F-16F7-4668-BE54-9A1E7A4F7556}") = "SkillTree.Middleware", "SkillTree.Middleware\SkillTree.Middleware.csproj", "{D0C77354-F627-4944-AE57-B6187457E0C6}"
EndProject
Project("{9A19103F-16F7-4668-BE54-9A1E7A4F7556}") = "SkillTree.LibraryCreation.StopWatchExtension", "SkillTree.LibraryCreation.StopWatchExtension\SkillTree.LibraryCreation.StopWatchExtension.csproj", "{DABD5518-721C-400E-A555-B1494273AD18}"
EndProject
Project("{9A19103F-16F7-4668-BE54-9A1E7A4F7556}") = "SkilTree.AsyncProgramming", "SkilTree.AsyncProgramming\SkilTree.AsyncProgramming.csproj", "{770AABA1-5CC3-40B0-A6A0-71E55D27EAE1}"
EndProject
Project("{9A19103F-16F7-4668-BE54-9A1E7A4F7556}") = "SkillTree.ChainOfResponsibility", "SkillTree.ChainOfResponsibility\SkillTree.ChainOfResponsibility.csproj", "{ED1BE4C8-205D-49BB-A71D-F88DFC0A962D}"
EndProject
Project("{9A19103F-16F7-4668-BE54-9A1E7A4F7556}") = "SkillTree.Command", "SkillTree.Command\SkillTree.Command.csproj", "{1378333A-2483-4CB3-B7A4-329A858849EE}"
EndProject
Project("{9A19103F-16F7-4668-BE54-9A1E7A4F7556}") = "SkillTree.Strategy", "SkillTree.Strategy\SkillTree.Strategy.csproj", "{3694050D-337D-4453-B78C-3A3050BE0372}"
EndProject
Project("{9A19103F-16F7-4668-BE54-9A1E7A4F7556}") = "SkillTree.Memento", "SkillTree.Memento\SkillTree.Memento.csproj", "{E4DB8DE2-93AB-43EA-A188-04420FC89D7A}"
EndProject
Project("{9A19103F-16F7-4668-BE54-9A1E7A4F7556}") = "SkillTree.State", "SkillTree.State\SkillTree.State.csproj", "{4D7A8E29-1C47-42F9-9AFD-F0585559079E}"
EndProject
Project("{9A19103F-16F7-4668-BE54-9A1E7A4F7556}") = "SkillTree.Visitor", "SkillTree.Visitor\SkillTree.Visitor.csproj", "{932F07A0-593E-47AE-B1F5-1090FD80CEDD}"
EndProject
Project("{9A19103F-16F7-4668-BE54-9A1E7A4F7556}") = "SkillTree.Mediator", "SkillTree.Mediator\SkillTree.Mediator.csproj", "{13860C95-FE2F-4159-A674-E9B277882E30}"
EndProject
Project("{9A19103F-16F7-4668-BE54-9A1E7A4F7556}") = "SkillTree.Interpreter", "SkillTree.Interpreter\SkillTree.Interpreter.csproj", "{411777AB-DE1C-413E-872C-5D22BD702C36}"
EndProject
Project("{FAE04EC0-301F-11D3-BF4B-00C04F79EFBC}") = "SkillTree.Singleton", "SkillTree.Singleton\SkillTree.Singleton.csproj", "{ED42399B-71EF-4220-9E1D-D73DE0A4969E}"
EndProject
Project("{FAE04EC0-301F-11D3-BF4B-00C04F79EFBC}") = "SkillTree.Builder", "SkillTree.Builder\SkillTree.Builder.csproj", "{75E94273-8214-4EFD-80D7-8E600308663B}"
EndProject
Project("{FAE04EC0-301F-11D3-BF4B-00C04F79EFBC}") = "SkillTree.FactoryMethod", "SkillTree.FactoryMethod\SkillTree.FactoryMethod.csproj", "{C17F00BA-DD49-47B9-A735-E681EF9979C9}"
EndProject
Global
	GlobalSection(SolutionConfigurationPlatforms) = preSolution
		Debug|Any CPU = Debug|Any CPU
		Release|Any CPU = Release|Any CPU
	EndGlobalSection
	GlobalSection(ProjectConfigurationPlatforms) = postSolution
		{D0C77354-F627-4944-AE57-B6187457E0C6}.Debug|Any CPU.ActiveCfg = Debug|Any CPU
		{D0C77354-F627-4944-AE57-B6187457E0C6}.Debug|Any CPU.Build.0 = Debug|Any CPU
		{D0C77354-F627-4944-AE57-B6187457E0C6}.Release|Any CPU.ActiveCfg = Release|Any CPU
		{D0C77354-F627-4944-AE57-B6187457E0C6}.Release|Any CPU.Build.0 = Release|Any CPU
		{DABD5518-721C-400E-A555-B1494273AD18}.Debug|Any CPU.ActiveCfg = Debug|Any CPU
		{DABD5518-721C-400E-A555-B1494273AD18}.Debug|Any CPU.Build.0 = Debug|Any CPU
		{DABD5518-721C-400E-A555-B1494273AD18}.Release|Any CPU.ActiveCfg = Release|Any CPU
		{DABD5518-721C-400E-A555-B1494273AD18}.Release|Any CPU.Build.0 = Release|Any CPU
		{770AABA1-5CC3-40B0-A6A0-71E55D27EAE1}.Debug|Any CPU.ActiveCfg = Debug|Any CPU
		{770AABA1-5CC3-40B0-A6A0-71E55D27EAE1}.Debug|Any CPU.Build.0 = Debug|Any CPU
		{770AABA1-5CC3-40B0-A6A0-71E55D27EAE1}.Release|Any CPU.ActiveCfg = Release|Any CPU
		{770AABA1-5CC3-40B0-A6A0-71E55D27EAE1}.Release|Any CPU.Build.0 = Release|Any CPU
		{ED1BE4C8-205D-49BB-A71D-F88DFC0A962D}.Debug|Any CPU.ActiveCfg = Debug|Any CPU
		{ED1BE4C8-205D-49BB-A71D-F88DFC0A962D}.Debug|Any CPU.Build.0 = Debug|Any CPU
		{ED1BE4C8-205D-49BB-A71D-F88DFC0A962D}.Release|Any CPU.ActiveCfg = Release|Any CPU
		{ED1BE4C8-205D-49BB-A71D-F88DFC0A962D}.Release|Any CPU.Build.0 = Release|Any CPU
		{1378333A-2483-4CB3-B7A4-329A858849EE}.Debug|Any CPU.ActiveCfg = Debug|Any CPU
		{1378333A-2483-4CB3-B7A4-329A858849EE}.Debug|Any CPU.Build.0 = Debug|Any CPU
		{1378333A-2483-4CB3-B7A4-329A858849EE}.Release|Any CPU.ActiveCfg = Release|Any CPU
		{1378333A-2483-4CB3-B7A4-329A858849EE}.Release|Any CPU.Build.0 = Release|Any CPU
		{3694050D-337D-4453-B78C-3A3050BE0372}.Debug|Any CPU.ActiveCfg = Debug|Any CPU
		{3694050D-337D-4453-B78C-3A3050BE0372}.Debug|Any CPU.Build.0 = Debug|Any CPU
		{3694050D-337D-4453-B78C-3A3050BE0372}.Release|Any CPU.ActiveCfg = Release|Any CPU
		{3694050D-337D-4453-B78C-3A3050BE0372}.Release|Any CPU.Build.0 = Release|Any CPU
		{E4DB8DE2-93AB-43EA-A188-04420FC89D7A}.Debug|Any CPU.ActiveCfg = Debug|Any CPU
		{E4DB8DE2-93AB-43EA-A188-04420FC89D7A}.Debug|Any CPU.Build.0 = Debug|Any CPU
		{E4DB8DE2-93AB-43EA-A188-04420FC89D7A}.Release|Any CPU.ActiveCfg = Release|Any CPU
		{E4DB8DE2-93AB-43EA-A188-04420FC89D7A}.Release|Any CPU.Build.0 = Release|Any CPU
		{4D7A8E29-1C47-42F9-9AFD-F0585559079E}.Debug|Any CPU.ActiveCfg = Debug|Any CPU
		{4D7A8E29-1C47-42F9-9AFD-F0585559079E}.Debug|Any CPU.Build.0 = Debug|Any CPU
		{4D7A8E29-1C47-42F9-9AFD-F0585559079E}.Release|Any CPU.ActiveCfg = Release|Any CPU
		{4D7A8E29-1C47-42F9-9AFD-F0585559079E}.Release|Any CPU.Build.0 = Release|Any CPU
		{932F07A0-593E-47AE-B1F5-1090FD80CEDD}.Debug|Any CPU.ActiveCfg = Debug|Any CPU
		{932F07A0-593E-47AE-B1F5-1090FD80CEDD}.Debug|Any CPU.Build.0 = Debug|Any CPU
		{932F07A0-593E-47AE-B1F5-1090FD80CEDD}.Release|Any CPU.ActiveCfg = Release|Any CPU
		{932F07A0-593E-47AE-B1F5-1090FD80CEDD}.Release|Any CPU.Build.0 = Release|Any CPU
		{13860C95-FE2F-4159-A674-E9B277882E30}.Debug|Any CPU.ActiveCfg = Debug|Any CPU
		{13860C95-FE2F-4159-A674-E9B277882E30}.Debug|Any CPU.Build.0 = Debug|Any CPU
		{13860C95-FE2F-4159-A674-E9B277882E30}.Release|Any CPU.ActiveCfg = Release|Any CPU
		{13860C95-FE2F-4159-A674-E9B277882E30}.Release|Any CPU.Build.0 = Release|Any CPU
		{411777AB-DE1C-413E-872C-5D22BD702C36}.Debug|Any CPU.ActiveCfg = Debug|Any CPU
		{411777AB-DE1C-413E-872C-5D22BD702C36}.Debug|Any CPU.Build.0 = Debug|Any CPU
		{411777AB-DE1C-413E-872C-5D22BD702C36}.Release|Any CPU.ActiveCfg = Release|Any CPU
		{411777AB-DE1C-413E-872C-5D22BD702C36}.Release|Any CPU.Build.0 = Release|Any CPU
		{ED42399B-71EF-4220-9E1D-D73DE0A4969E}.Debug|Any CPU.ActiveCfg = Debug|Any CPU
		{ED42399B-71EF-4220-9E1D-D73DE0A4969E}.Debug|Any CPU.Build.0 = Debug|Any CPU
		{ED42399B-71EF-4220-9E1D-D73DE0A4969E}.Release|Any CPU.ActiveCfg = Release|Any CPU
		{ED42399B-71EF-4220-9E1D-D73DE0A4969E}.Release|Any CPU.Build.0 = Release|Any CPU
		{75E94273-8214-4EFD-80D7-8E600308663B}.Debug|Any CPU.ActiveCfg = Debug|Any CPU
		{75E94273-8214-4EFD-80D7-8E600308663B}.Debug|Any CPU.Build.0 = Debug|Any CPU
		{75E94273-8214-4EFD-80D7-8E600308663B}.Release|Any CPU.ActiveCfg = Release|Any CPU
		{75E94273-8214-4EFD-80D7-8E600308663B}.Release|Any CPU.Build.0 = Release|Any CPU
		{C17F00BA-DD49-47B9-A735-E681EF9979C9}.Debug|Any CPU.ActiveCfg = Debug|Any CPU
		{C17F00BA-DD49-47B9-A735-E681EF9979C9}.Debug|Any CPU.Build.0 = Debug|Any CPU
		{C17F00BA-DD49-47B9-A735-E681EF9979C9}.Release|Any CPU.ActiveCfg = Release|Any CPU
		{C17F00BA-DD49-47B9-A735-E681EF9979C9}.Release|Any CPU.Build.0 = Release|Any CPU
	EndGlobalSection
	GlobalSection(SolutionProperties) = preSolution
		HideSolutionNode = FALSE
	EndGlobalSection
	GlobalSection(ExtensibilityGlobals) = postSolution
		SolutionGuid = {98C307E6-17BE-4F4A-AC0D-6DAAAA41B358}
	EndGlobalSection
EndGlobal
