
Microsoft Visual Studio Solution File, Format Version 12.00
# Visual Studio Version 17
VisualStudioVersion = 17.4.33213.308
MinimumVisualStudioVersion = 10.0.40219.1
Project("{FAE04EC0-301F-11D3-BF4B-00C04F79EFBC}") = "SkillTree.Middleware", "SkillTree.Middleware\SkillTree.Middleware.csproj", "{D0C77354-F627-4944-AE57-B6187457E0C6}"
EndProject
Global
	GlobalSection(SolutionConfigurationPlatforms) = preSolution
		Debug|Any CPU = Debug|Any CPU
		Release|Any CPU = Release|Any CPU
	EndGlobalSection
	GlobalSection(ProjectConfigurationPlatforms) = postSolution
		{D0C77354-F627-4944-AE57-B6187457E0C6}.Debug|Any CPU.ActiveCfg = Debug|Any CPU
		{D0C77354-F627-4944-AE57-B6187457E0C6}.Debug|Any CPU.Build.0 = Debug|Any CPU
		{D0C77354-F627-4944-AE57-B6187457E0C6}.Release|Any CPU.ActiveCfg = Release|Any CPU
		{D0C77354-F627-4944-AE57-B6187457E0C6}.Release|Any CPU.Build.0 = Release|Any CPU
	EndGlobalSection
	GlobalSection(SolutionProperties) = preSolution
		HideSolutionNode = FALSE
	EndGlobalSection
	GlobalSection(ExtensibilityGlobals) = postSolution
		SolutionGuid = {98C307E6-17BE-4F4A-AC0D-6DAAAA41B358}
	EndGlobalSection
EndGlobal
